// !$*UTF8*$!
{
	archiveVersion = 1;
	classes = {
	};
	objectVersion = 56;
	objects = {

/* Begin PBXBuildFile section */
		1F0E1EFE2C5A031A00A046CC /* Artist.swift in Sources */ = {isa = PBXBuildFile; fileRef = 1F0E1EFD2C5A031A00A046CC /* Artist.swift */; };
		1F3C9EFF2C589DD100D6EAA7 /* MusicAppApp.swift in Sources */ = {isa = PBXBuildFile; fileRef = 1F3C9EFE2C589DD100D6EAA7 /* MusicAppApp.swift */; };
		1F3C9F012C589DD100D6EAA7 /* HomeView.swift in Sources */ = {isa = PBXBuildFile; fileRef = 1F3C9F002C589DD100D6EAA7 /* HomeView.swift */; };
		1F3C9F032C589DD400D6EAA7 /* Assets.xcassets in Resources */ = {isa = PBXBuildFile; fileRef = 1F3C9F022C589DD400D6EAA7 /* Assets.xcassets */; };
		1F3C9F062C589DD400D6EAA7 /* Preview Assets.xcassets in Resources */ = {isa = PBXBuildFile; fileRef = 1F3C9F052C589DD400D6EAA7 /* Preview Assets.xcassets */; };
		1F3C9F102C589DD400D6EAA7 /* MusicAppTests.swift in Sources */ = {isa = PBXBuildFile; fileRef = 1F3C9F0F2C589DD400D6EAA7 /* MusicAppTests.swift */; };
		1F3C9F1A2C589DD400D6EAA7 /* MusicAppUITests.swift in Sources */ = {isa = PBXBuildFile; fileRef = 1F3C9F192C589DD400D6EAA7 /* MusicAppUITests.swift */; };
		1F3C9F1C2C589DD400D6EAA7 /* MusicAppUITestsLaunchTests.swift in Sources */ = {isa = PBXBuildFile; fileRef = 1F3C9F1B2C589DD400D6EAA7 /* MusicAppUITestsLaunchTests.swift */; };
		1F87AF942C5C28D8004F6423 /* APIManager.swift in Sources */ = {isa = PBXBuildFile; fileRef = 1F87AF932C5C28D8004F6423 /* APIManager.swift */; };
		1F87AF962C5C4F64004F6423 /* ImageViewModel.swift in Sources */ = {isa = PBXBuildFile; fileRef = 1F87AF952C5C4F64004F6423 /* ImageViewModel.swift */; };
		1F87AF992C5C5DB2004F6423 /* UIImage+Ext.swift in Sources */ = {isa = PBXBuildFile; fileRef = 1F87AF982C5C5DB2004F6423 /* UIImage+Ext.swift */; };
		1FFB89C72C5AD09C00E2AE83 /* GradientBackground.swift in Sources */ = {isa = PBXBuildFile; fileRef = 1FFB89C62C5AD09C00E2AE83 /* GradientBackground.swift */; };
		1FFB89C92C5AD17800E2AE83 /* ArtistList.swift in Sources */ = {isa = PBXBuildFile; fileRef = 1FFB89C82C5AD17800E2AE83 /* ArtistList.swift */; };
		1FFB89CB2C5AD1B300E2AE83 /* FollowersObject.swift in Sources */ = {isa = PBXBuildFile; fileRef = 1FFB89CA2C5AD1B300E2AE83 /* FollowersObject.swift */; };
		1FFB89CD2C5AD1BF00E2AE83 /* ImageObject.swift in Sources */ = {isa = PBXBuildFile; fileRef = 1FFB89CC2C5AD1BF00E2AE83 /* ImageObject.swift */; };
		1FFB89CF2C5AE70700E2AE83 /* GenreTag.swift in Sources */ = {isa = PBXBuildFile; fileRef = 1FFB89CE2C5AE70700E2AE83 /* GenreTag.swift */; };
		1FFB89D12C5B72A100E2AE83 /* ImageView.swift in Sources */ = {isa = PBXBuildFile; fileRef = 1FFB89D02C5B72A100E2AE83 /* ImageView.swift */; };
		1FFB89D32C5B754B00E2AE83 /* MockedData.swift in Sources */ = {isa = PBXBuildFile; fileRef = 1FFB89D22C5B754B00E2AE83 /* MockedData.swift */; };
		1FFB89D72C5B772800E2AE83 /* HomeViewModel.swift in Sources */ = {isa = PBXBuildFile; fileRef = 1FFB89D62C5B772800E2AE83 /* HomeViewModel.swift */; };
		1FFB89DE2C5B85E100E2AE83 /* Token.swift in Sources */ = {isa = PBXBuildFile; fileRef = 1FFB89DD2C5B85E100E2AE83 /* Token.swift */; };
		1FFB89E02C5B873500E2AE83 /* Errors.swift in Sources */ = {isa = PBXBuildFile; fileRef = 1FFB89DF2C5B873500E2AE83 /* Errors.swift */; };
		1FFB89E22C5B878600E2AE83 /* Endpoints.swift in Sources */ = {isa = PBXBuildFile; fileRef = 1FFB89E12C5B878600E2AE83 /* Endpoints.swift */; };
		1FFB89E52C5B8CF400E2AE83 /* KeychainWrapper.swift in Sources */ = {isa = PBXBuildFile; fileRef = 1FFB89E42C5B8CF400E2AE83 /* KeychainWrapper.swift */; };
		1FFB89E72C5B8D1600E2AE83 /* KeychainItemAccessibility.swift in Sources */ = {isa = PBXBuildFile; fileRef = 1FFB89E62C5B8D1600E2AE83 /* KeychainItemAccessibility.swift */; };
		1FFB89E92C5B8E1B00E2AE83 /* Secrets.swift in Sources */ = {isa = PBXBuildFile; fileRef = 1FFB89E82C5B8E1B00E2AE83 /* Secrets.swift */; };
		1FFB89EB2C5B91F600E2AE83 /* Constants.swift in Sources */ = {isa = PBXBuildFile; fileRef = 1FFB89EA2C5B91F600E2AE83 /* Constants.swift */; };
		1FFB89ED2C5B99E800E2AE83 /* ArtistDetailsView.swift in Sources */ = {isa = PBXBuildFile; fileRef = 1FFB89EC2C5B99E800E2AE83 /* ArtistDetailsView.swift */; };
		1FFB89F12C5BA2AC00E2AE83 /* HomeViewModelTest.swift in Sources */ = {isa = PBXBuildFile; fileRef = 1FFB89F02C5BA2AC00E2AE83 /* HomeViewModelTest.swift */; };
/* End PBXBuildFile section */

/* Begin PBXContainerItemProxy section */
		1F3C9F0C2C589DD400D6EAA7 /* PBXContainerItemProxy */ = {
			isa = PBXContainerItemProxy;
			containerPortal = 1F3C9EF32C589DD100D6EAA7 /* Project object */;
			proxyType = 1;
			remoteGlobalIDString = 1F3C9EFA2C589DD100D6EAA7;
			remoteInfo = MusicApp;
		};
		1F3C9F162C589DD400D6EAA7 /* PBXContainerItemProxy */ = {
			isa = PBXContainerItemProxy;
			containerPortal = 1F3C9EF32C589DD100D6EAA7 /* Project object */;
			proxyType = 1;
			remoteGlobalIDString = 1F3C9EFA2C589DD100D6EAA7;
			remoteInfo = MusicApp;
		};
/* End PBXContainerItemProxy section */

/* Begin PBXFileReference section */
		1F0E1EFD2C5A031A00A046CC /* Artist.swift */ = {isa = PBXFileReference; lastKnownFileType = sourcecode.swift; path = Artist.swift; sourceTree = "<group>"; };
		1F3C9EFB2C589DD100D6EAA7 /* MusicApp.app */ = {isa = PBXFileReference; explicitFileType = wrapper.application; includeInIndex = 0; path = MusicApp.app; sourceTree = BUILT_PRODUCTS_DIR; };
		1F3C9EFE2C589DD100D6EAA7 /* MusicAppApp.swift */ = {isa = PBXFileReference; lastKnownFileType = sourcecode.swift; path = MusicAppApp.swift; sourceTree = "<group>"; };
		1F3C9F002C589DD100D6EAA7 /* HomeView.swift */ = {isa = PBXFileReference; lastKnownFileType = sourcecode.swift; path = HomeView.swift; sourceTree = "<group>"; };
		1F3C9F022C589DD400D6EAA7 /* Assets.xcassets */ = {isa = PBXFileReference; lastKnownFileType = folder.assetcatalog; path = Assets.xcassets; sourceTree = "<group>"; };
		1F3C9F052C589DD400D6EAA7 /* Preview Assets.xcassets */ = {isa = PBXFileReference; lastKnownFileType = folder.assetcatalog; path = "Preview Assets.xcassets"; sourceTree = "<group>"; };
		1F3C9F0B2C589DD400D6EAA7 /* MusicAppTests.xctest */ = {isa = PBXFileReference; explicitFileType = wrapper.cfbundle; includeInIndex = 0; path = MusicAppTests.xctest; sourceTree = BUILT_PRODUCTS_DIR; };
		1F3C9F0F2C589DD400D6EAA7 /* MusicAppTests.swift */ = {isa = PBXFileReference; lastKnownFileType = sourcecode.swift; path = MusicAppTests.swift; sourceTree = "<group>"; };
		1F3C9F152C589DD400D6EAA7 /* MusicAppUITests.xctest */ = {isa = PBXFileReference; explicitFileType = wrapper.cfbundle; includeInIndex = 0; path = MusicAppUITests.xctest; sourceTree = BUILT_PRODUCTS_DIR; };
		1F3C9F192C589DD400D6EAA7 /* MusicAppUITests.swift */ = {isa = PBXFileReference; lastKnownFileType = sourcecode.swift; path = MusicAppUITests.swift; sourceTree = "<group>"; };
		1F3C9F1B2C589DD400D6EAA7 /* MusicAppUITestsLaunchTests.swift */ = {isa = PBXFileReference; lastKnownFileType = sourcecode.swift; path = MusicAppUITestsLaunchTests.swift; sourceTree = "<group>"; };
		1F87AF932C5C28D8004F6423 /* APIManager.swift */ = {isa = PBXFileReference; lastKnownFileType = sourcecode.swift; path = APIManager.swift; sourceTree = "<group>"; };
		1F87AF952C5C4F64004F6423 /* ImageViewModel.swift */ = {isa = PBXFileReference; lastKnownFileType = sourcecode.swift; path = ImageViewModel.swift; sourceTree = "<group>"; };
		1F87AF982C5C5DB2004F6423 /* UIImage+Ext.swift */ = {isa = PBXFileReference; lastKnownFileType = sourcecode.swift; path = "UIImage+Ext.swift"; sourceTree = "<group>"; };
		1FFB89C62C5AD09C00E2AE83 /* GradientBackground.swift */ = {isa = PBXFileReference; lastKnownFileType = sourcecode.swift; path = GradientBackground.swift; sourceTree = "<group>"; };
		1FFB89C82C5AD17800E2AE83 /* ArtistList.swift */ = {isa = PBXFileReference; lastKnownFileType = sourcecode.swift; path = ArtistList.swift; sourceTree = "<group>"; };
		1FFB89CA2C5AD1B300E2AE83 /* FollowersObject.swift */ = {isa = PBXFileReference; lastKnownFileType = sourcecode.swift; path = FollowersObject.swift; sourceTree = "<group>"; };
		1FFB89CC2C5AD1BF00E2AE83 /* ImageObject.swift */ = {isa = PBXFileReference; lastKnownFileType = sourcecode.swift; path = ImageObject.swift; sourceTree = "<group>"; };
		1FFB89CE2C5AE70700E2AE83 /* GenreTag.swift */ = {isa = PBXFileReference; lastKnownFileType = sourcecode.swift; path = GenreTag.swift; sourceTree = "<group>"; };
		1FFB89D02C5B72A100E2AE83 /* ImageView.swift */ = {isa = PBXFileReference; lastKnownFileType = sourcecode.swift; path = ImageView.swift; sourceTree = "<group>"; };
		1FFB89D22C5B754B00E2AE83 /* MockedData.swift */ = {isa = PBXFileReference; lastKnownFileType = sourcecode.swift; path = MockedData.swift; sourceTree = "<group>"; };
		1FFB89D62C5B772800E2AE83 /* HomeViewModel.swift */ = {isa = PBXFileReference; lastKnownFileType = sourcecode.swift; path = HomeViewModel.swift; sourceTree = "<group>"; };
		1FFB89DD2C5B85E100E2AE83 /* Token.swift */ = {isa = PBXFileReference; lastKnownFileType = sourcecode.swift; path = Token.swift; sourceTree = "<group>"; };
		1FFB89DF2C5B873500E2AE83 /* Errors.swift */ = {isa = PBXFileReference; lastKnownFileType = sourcecode.swift; path = Errors.swift; sourceTree = "<group>"; };
		1FFB89E12C5B878600E2AE83 /* Endpoints.swift */ = {isa = PBXFileReference; lastKnownFileType = sourcecode.swift; path = Endpoints.swift; sourceTree = "<group>"; };
		1FFB89E42C5B8CF400E2AE83 /* KeychainWrapper.swift */ = {isa = PBXFileReference; lastKnownFileType = sourcecode.swift; path = KeychainWrapper.swift; sourceTree = "<group>"; };
		1FFB89E62C5B8D1600E2AE83 /* KeychainItemAccessibility.swift */ = {isa = PBXFileReference; lastKnownFileType = sourcecode.swift; path = KeychainItemAccessibility.swift; sourceTree = "<group>"; };
		1FFB89E82C5B8E1B00E2AE83 /* Secrets.swift */ = {isa = PBXFileReference; lastKnownFileType = sourcecode.swift; path = Secrets.swift; sourceTree = "<group>"; };
		1FFB89EA2C5B91F600E2AE83 /* Constants.swift */ = {isa = PBXFileReference; lastKnownFileType = sourcecode.swift; path = Constants.swift; sourceTree = "<group>"; };
		1FFB89EC2C5B99E800E2AE83 /* ArtistDetailsView.swift */ = {isa = PBXFileReference; lastKnownFileType = sourcecode.swift; path = ArtistDetailsView.swift; sourceTree = "<group>"; };
		1FFB89F02C5BA2AC00E2AE83 /* HomeViewModelTest.swift */ = {isa = PBXFileReference; lastKnownFileType = sourcecode.swift; path = HomeViewModelTest.swift; sourceTree = "<group>"; };
/* End PBXFileReference section */

/* Begin PBXFrameworksBuildPhase section */
		1F3C9EF82C589DD100D6EAA7 /* Frameworks */ = {
			isa = PBXFrameworksBuildPhase;
			buildActionMask = 2147483647;
			files = (
			);
			runOnlyForDeploymentPostprocessing = 0;
		};
		1F3C9F082C589DD400D6EAA7 /* Frameworks */ = {
			isa = PBXFrameworksBuildPhase;
			buildActionMask = 2147483647;
			files = (
			);
			runOnlyForDeploymentPostprocessing = 0;
		};
		1F3C9F122C589DD400D6EAA7 /* Frameworks */ = {
			isa = PBXFrameworksBuildPhase;
			buildActionMask = 2147483647;
			files = (
			);
			runOnlyForDeploymentPostprocessing = 0;
		};
/* End PBXFrameworksBuildPhase section */

/* Begin PBXGroup section */
		1F0E1EFC2C5A030500A046CC /* Models */ = {
			isa = PBXGroup;
			children = (
				1FFB89DD2C5B85E100E2AE83 /* Token.swift */,
				1FFB89D22C5B754B00E2AE83 /* MockedData.swift */,
				1F0E1EFD2C5A031A00A046CC /* Artist.swift */,
				1FFB89CC2C5AD1BF00E2AE83 /* ImageObject.swift */,
				1FFB89CA2C5AD1B300E2AE83 /* FollowersObject.swift */,
			);
			path = Models;
			sourceTree = "<group>";
		};
		1F0E1EFF2C5A050000A046CC /* Views */ = {
			isa = PBXGroup;
			children = (
				1FFB89D82C5B79D300E2AE83 /* Screens */,
				1FFB89D92C5B79E300E2AE83 /* Components */,
			);
			path = Views;
			sourceTree = "<group>";
		};
		1F0E1F002C5A052300A046CC /* Home */ = {
			isa = PBXGroup;
			children = (
				1F3C9F002C589DD100D6EAA7 /* HomeView.swift */,
				1FFB89D62C5B772800E2AE83 /* HomeViewModel.swift */,
			);
			path = Home;
			sourceTree = "<group>";
		};
		1F3C9EF22C589DD100D6EAA7 = {
			isa = PBXGroup;
			children = (
				1F3C9EFD2C589DD100D6EAA7 /* MusicApp */,
				1F3C9F0E2C589DD400D6EAA7 /* MusicAppTests */,
				1F3C9F182C589DD400D6EAA7 /* MusicAppUITests */,
				1F3C9EFC2C589DD100D6EAA7 /* Products */,
			);
			sourceTree = "<group>";
		};
		1F3C9EFC2C589DD100D6EAA7 /* Products */ = {
			isa = PBXGroup;
			children = (
				1F3C9EFB2C589DD100D6EAA7 /* MusicApp.app */,
				1F3C9F0B2C589DD400D6EAA7 /* MusicAppTests.xctest */,
				1F3C9F152C589DD400D6EAA7 /* MusicAppUITests.xctest */,
			);
			name = Products;
			sourceTree = "<group>";
		};
		1F3C9EFD2C589DD100D6EAA7 /* MusicApp */ = {
			isa = PBXGroup;
			children = (
				1F3C9EFE2C589DD100D6EAA7 /* MusicAppApp.swift */,
				1F87AF922C5C28C6004F6423 /* Managers */,
				1F0E1EFC2C5A030500A046CC /* Models */,
				1F0E1EFF2C5A050000A046CC /* Views */,
				1FFB89C52C5AD08B00E2AE83 /* Utils */,
				1F87AF972C5C5DA4004F6423 /* Extensions */,
				1F3C9F022C589DD400D6EAA7 /* Assets.xcassets */,
				1F3C9F042C589DD400D6EAA7 /* Preview Content */,
			);
			path = MusicApp;
			sourceTree = "<group>";
		};
		1F3C9F042C589DD400D6EAA7 /* Preview Content */ = {
			isa = PBXGroup;
			children = (
				1F3C9F052C589DD400D6EAA7 /* Preview Assets.xcassets */,
			);
			path = "Preview Content";
			sourceTree = "<group>";
		};
		1F3C9F0E2C589DD400D6EAA7 /* MusicAppTests */ = {
			isa = PBXGroup;
			children = (
				1FFB89EF2C5BA27900E2AE83 /* ViewModelTests */,
				1F3C9F0F2C589DD400D6EAA7 /* MusicAppTests.swift */,
			);
			path = MusicAppTests;
			sourceTree = "<group>";
		};
		1F3C9F182C589DD400D6EAA7 /* MusicAppUITests */ = {
			isa = PBXGroup;
			children = (
				1F3C9F192C589DD400D6EAA7 /* MusicAppUITests.swift */,
				1F3C9F1B2C589DD400D6EAA7 /* MusicAppUITestsLaunchTests.swift */,
			);
			path = MusicAppUITests;
			sourceTree = "<group>";
		};
		1F87AF922C5C28C6004F6423 /* Managers */ = {
			isa = PBXGroup;
			children = (
				1F87AF932C5C28D8004F6423 /* APIManager.swift */,
			);
			path = Managers;
			sourceTree = "<group>";
		};
		1F87AF972C5C5DA4004F6423 /* Extensions */ = {
			isa = PBXGroup;
			children = (
				1F87AF982C5C5DB2004F6423 /* UIImage+Ext.swift */,
			);
			path = Extensions;
			sourceTree = "<group>";
		};
		1F87AF9A2C5C5FA5004F6423 /* Image */ = {
			isa = PBXGroup;
			children = (
				1FFB89D02C5B72A100E2AE83 /* ImageView.swift */,
				1F87AF952C5C4F64004F6423 /* ImageViewModel.swift */,
			);
			path = Image;
			sourceTree = "<group>";
		};
		1FFB89C52C5AD08B00E2AE83 /* Utils */ = {
			isa = PBXGroup;
			children = (
				1FFB89E32C5B8CE200E2AE83 /* KeychainWrapper */,
				1FFB89DF2C5B873500E2AE83 /* Errors.swift */,
				1FFB89E12C5B878600E2AE83 /* Endpoints.swift */,
				1FFB89E82C5B8E1B00E2AE83 /* Secrets.swift */,
				1FFB89EA2C5B91F600E2AE83 /* Constants.swift */,
			);
			path = Utils;
			sourceTree = "<group>";
		};
		1FFB89D82C5B79D300E2AE83 /* Screens */ = {
			isa = PBXGroup;
			children = (
				1F0E1F002C5A052300A046CC /* Home */,
				1FFB89EE2C5B99F200E2AE83 /* ArtistDetails */,
			);
			path = Screens;
			sourceTree = "<group>";
		};
		1FFB89D92C5B79E300E2AE83 /* Components */ = {
			isa = PBXGroup;
			children = (
				1FFB89C82C5AD17800E2AE83 /* ArtistList.swift */,
				1F87AF9A2C5C5FA5004F6423 /* Image */,
				1FFB89C62C5AD09C00E2AE83 /* GradientBackground.swift */,
				1FFB89CE2C5AE70700E2AE83 /* GenreTag.swift */,
			);
			path = Components;
			sourceTree = "<group>";
		};
		1FFB89E32C5B8CE200E2AE83 /* KeychainWrapper */ = {
			isa = PBXGroup;
			children = (
				1FFB89E42C5B8CF400E2AE83 /* KeychainWrapper.swift */,
				1FFB89E62C5B8D1600E2AE83 /* KeychainItemAccessibility.swift */,
			);
			path = KeychainWrapper;
			sourceTree = "<group>";
		};
		1FFB89EE2C5B99F200E2AE83 /* ArtistDetails */ = {
			isa = PBXGroup;
			children = (
				1FFB89EC2C5B99E800E2AE83 /* ArtistDetailsView.swift */,
			);
			path = ArtistDetails;
			sourceTree = "<group>";
		};
		1FFB89EF2C5BA27900E2AE83 /* ViewModelTests */ = {
			isa = PBXGroup;
			children = (
				1FFB89F02C5BA2AC00E2AE83 /* HomeViewModelTest.swift */,
			);
			path = ViewModelTests;
			sourceTree = "<group>";
		};
/* End PBXGroup section */

/* Begin PBXNativeTarget section */
		1F3C9EFA2C589DD100D6EAA7 /* MusicApp */ = {
			isa = PBXNativeTarget;
			buildConfigurationList = 1F3C9F1F2C589DD400D6EAA7 /* Build configuration list for PBXNativeTarget "MusicApp" */;
			buildPhases = (
				1F3C9EF72C589DD100D6EAA7 /* Sources */,
				1F3C9EF82C589DD100D6EAA7 /* Frameworks */,
				1F3C9EF92C589DD100D6EAA7 /* Resources */,
			);
			buildRules = (
			);
			dependencies = (
			);
			name = MusicApp;
			productName = MusicApp;
			productReference = 1F3C9EFB2C589DD100D6EAA7 /* MusicApp.app */;
			productType = "com.apple.product-type.application";
		};
		1F3C9F0A2C589DD400D6EAA7 /* MusicAppTests */ = {
			isa = PBXNativeTarget;
			buildConfigurationList = 1F3C9F222C589DD400D6EAA7 /* Build configuration list for PBXNativeTarget "MusicAppTests" */;
			buildPhases = (
				1F3C9F072C589DD400D6EAA7 /* Sources */,
				1F3C9F082C589DD400D6EAA7 /* Frameworks */,
				1F3C9F092C589DD400D6EAA7 /* Resources */,
			);
			buildRules = (
			);
			dependencies = (
				1F3C9F0D2C589DD400D6EAA7 /* PBXTargetDependency */,
			);
			name = MusicAppTests;
			productName = MusicAppTests;
			productReference = 1F3C9F0B2C589DD400D6EAA7 /* MusicAppTests.xctest */;
			productType = "com.apple.product-type.bundle.unit-test";
		};
		1F3C9F142C589DD400D6EAA7 /* MusicAppUITests */ = {
			isa = PBXNativeTarget;
			buildConfigurationList = 1F3C9F252C589DD400D6EAA7 /* Build configuration list for PBXNativeTarget "MusicAppUITests" */;
			buildPhases = (
				1F3C9F112C589DD400D6EAA7 /* Sources */,
				1F3C9F122C589DD400D6EAA7 /* Frameworks */,
				1F3C9F132C589DD400D6EAA7 /* Resources */,
			);
			buildRules = (
			);
			dependencies = (
				1F3C9F172C589DD400D6EAA7 /* PBXTargetDependency */,
			);
			name = MusicAppUITests;
			productName = MusicAppUITests;
			productReference = 1F3C9F152C589DD400D6EAA7 /* MusicAppUITests.xctest */;
			productType = "com.apple.product-type.bundle.ui-testing";
		};
/* End PBXNativeTarget section */

/* Begin PBXProject section */
		1F3C9EF32C589DD100D6EAA7 /* Project object */ = {
			isa = PBXProject;
			attributes = {
				BuildIndependentTargetsInParallel = 1;
				LastSwiftUpdateCheck = 1540;
				LastUpgradeCheck = 1540;
				TargetAttributes = {
					1F3C9EFA2C589DD100D6EAA7 = {
						CreatedOnToolsVersion = 15.4;
					};
					1F3C9F0A2C589DD400D6EAA7 = {
						CreatedOnToolsVersion = 15.4;
						TestTargetID = 1F3C9EFA2C589DD100D6EAA7;
					};
					1F3C9F142C589DD400D6EAA7 = {
						CreatedOnToolsVersion = 15.4;
						TestTargetID = 1F3C9EFA2C589DD100D6EAA7;
					};
				};
			};
			buildConfigurationList = 1F3C9EF62C589DD100D6EAA7 /* Build configuration list for PBXProject "MusicApp" */;
			compatibilityVersion = "Xcode 14.0";
			developmentRegion = en;
			hasScannedForEncodings = 0;
			knownRegions = (
				en,
				Base,
			);
			mainGroup = 1F3C9EF22C589DD100D6EAA7;
			productRefGroup = 1F3C9EFC2C589DD100D6EAA7 /* Products */;
			projectDirPath = "";
			projectRoot = "";
			targets = (
				1F3C9EFA2C589DD100D6EAA7 /* MusicApp */,
				1F3C9F0A2C589DD400D6EAA7 /* MusicAppTests */,
				1F3C9F142C589DD400D6EAA7 /* MusicAppUITests */,
			);
		};
/* End PBXProject section */

/* Begin PBXResourcesBuildPhase section */
		1F3C9EF92C589DD100D6EAA7 /* Resources */ = {
			isa = PBXResourcesBuildPhase;
			buildActionMask = 2147483647;
			files = (
				1F3C9F062C589DD400D6EAA7 /* Preview Assets.xcassets in Resources */,
				1F3C9F032C589DD400D6EAA7 /* Assets.xcassets in Resources */,
			);
			runOnlyForDeploymentPostprocessing = 0;
		};
		1F3C9F092C589DD400D6EAA7 /* Resources */ = {
			isa = PBXResourcesBuildPhase;
			buildActionMask = 2147483647;
			files = (
			);
			runOnlyForDeploymentPostprocessing = 0;
		};
		1F3C9F132C589DD400D6EAA7 /* Resources */ = {
			isa = PBXResourcesBuildPhase;
			buildActionMask = 2147483647;
			files = (
			);
			runOnlyForDeploymentPostprocessing = 0;
		};
/* End PBXResourcesBuildPhase section */

/* Begin PBXSourcesBuildPhase section */
		1F3C9EF72C589DD100D6EAA7 /* Sources */ = {
			isa = PBXSourcesBuildPhase;
			buildActionMask = 2147483647;
			files = (
				1FFB89D32C5B754B00E2AE83 /* MockedData.swift in Sources */,
				1FFB89EB2C5B91F600E2AE83 /* Constants.swift in Sources */,
				1FFB89E92C5B8E1B00E2AE83 /* Secrets.swift in Sources */,
				1FFB89D72C5B772800E2AE83 /* HomeViewModel.swift in Sources */,
				1F0E1EFE2C5A031A00A046CC /* Artist.swift in Sources */,
				1FFB89C72C5AD09C00E2AE83 /* GradientBackground.swift in Sources */,
				1F87AF942C5C28D8004F6423 /* APIManager.swift in Sources */,
				1F87AF962C5C4F64004F6423 /* ImageViewModel.swift in Sources */,
				1FFB89E22C5B878600E2AE83 /* Endpoints.swift in Sources */,
				1F3C9F012C589DD100D6EAA7 /* HomeView.swift in Sources */,
				1FFB89E72C5B8D1600E2AE83 /* KeychainItemAccessibility.swift in Sources */,
				1FFB89CD2C5AD1BF00E2AE83 /* ImageObject.swift in Sources */,
				1FFB89CF2C5AE70700E2AE83 /* GenreTag.swift in Sources */,
				1F3C9EFF2C589DD100D6EAA7 /* MusicAppApp.swift in Sources */,
				1FFB89D12C5B72A100E2AE83 /* ImageView.swift in Sources */,
				1FFB89CB2C5AD1B300E2AE83 /* FollowersObject.swift in Sources */,
				1FFB89C92C5AD17800E2AE83 /* ArtistList.swift in Sources */,
				1FFB89DE2C5B85E100E2AE83 /* Token.swift in Sources */,
				1FFB89E52C5B8CF400E2AE83 /* KeychainWrapper.swift in Sources */,
				1FFB89E02C5B873500E2AE83 /* Errors.swift in Sources */,
				1FFB89ED2C5B99E800E2AE83 /* ArtistDetailsView.swift in Sources */,
				1F87AF992C5C5DB2004F6423 /* UIImage+Ext.swift in Sources */,
			);
			runOnlyForDeploymentPostprocessing = 0;
		};
		1F3C9F072C589DD400D6EAA7 /* Sources */ = {
			isa = PBXSourcesBuildPhase;
			buildActionMask = 2147483647;
			files = (
				1F3C9F102C589DD400D6EAA7 /* MusicAppTests.swift in Sources */,
				1FFB89F12C5BA2AC00E2AE83 /* HomeViewModelTest.swift in Sources */,
			);
			runOnlyForDeploymentPostprocessing = 0;
		};
		1F3C9F112C589DD400D6EAA7 /* Sources */ = {
			isa = PBXSourcesBuildPhase;
			buildActionMask = 2147483647;
			files = (
				1F3C9F1C2C589DD400D6EAA7 /* MusicAppUITestsLaunchTests.swift in Sources */,
				1F3C9F1A2C589DD400D6EAA7 /* MusicAppUITests.swift in Sources */,
			);
			runOnlyForDeploymentPostprocessing = 0;
		};
/* End PBXSourcesBuildPhase section */

/* Begin PBXTargetDependency section */
		1F3C9F0D2C589DD400D6EAA7 /* PBXTargetDependency */ = {
			isa = PBXTargetDependency;
			target = 1F3C9EFA2C589DD100D6EAA7 /* MusicApp */;
			targetProxy = 1F3C9F0C2C589DD400D6EAA7 /* PBXContainerItemProxy */;
		};
		1F3C9F172C589DD400D6EAA7 /* PBXTargetDependency */ = {
			isa = PBXTargetDependency;
			target = 1F3C9EFA2C589DD100D6EAA7 /* MusicApp */;
			targetProxy = 1F3C9F162C589DD400D6EAA7 /* PBXContainerItemProxy */;
		};
/* End PBXTargetDependency section */

/* Begin XCBuildConfiguration section */
		1F3C9F1D2C589DD400D6EAA7 /* Debug */ = {
			isa = XCBuildConfiguration;
			buildSettings = {
				ALWAYS_SEARCH_USER_PATHS = NO;
				ASSETCATALOG_COMPILER_GENERATE_SWIFT_ASSET_SYMBOL_EXTENSIONS = YES;
				CLANG_ANALYZER_NONNULL = YES;
				CLANG_ANALYZER_NUMBER_OBJECT_CONVERSION = YES_AGGRESSIVE;
				CLANG_CXX_LANGUAGE_STANDARD = "gnu++20";
				CLANG_ENABLE_MODULES = YES;
				CLANG_ENABLE_OBJC_ARC = YES;
				CLANG_ENABLE_OBJC_WEAK = YES;
				CLANG_WARN_BLOCK_CAPTURE_AUTORELEASING = YES;
				CLANG_WARN_BOOL_CONVERSION = YES;
				CLANG_WARN_COMMA = YES;
				CLANG_WARN_CONSTANT_CONVERSION = YES;
				CLANG_WARN_DEPRECATED_OBJC_IMPLEMENTATIONS = YES;
				CLANG_WARN_DIRECT_OBJC_ISA_USAGE = YES_ERROR;
				CLANG_WARN_DOCUMENTATION_COMMENTS = YES;
				CLANG_WARN_EMPTY_BODY = YES;
				CLANG_WARN_ENUM_CONVERSION = YES;
				CLANG_WARN_INFINITE_RECURSION = YES;
				CLANG_WARN_INT_CONVERSION = YES;
				CLANG_WARN_NON_LITERAL_NULL_CONVERSION = YES;
				CLANG_WARN_OBJC_IMPLICIT_RETAIN_SELF = YES;
				CLANG_WARN_OBJC_LITERAL_CONVERSION = YES;
				CLANG_WARN_OBJC_ROOT_CLASS = YES_ERROR;
				CLANG_WARN_QUOTED_INCLUDE_IN_FRAMEWORK_HEADER = YES;
				CLANG_WARN_RANGE_LOOP_ANALYSIS = YES;
				CLANG_WARN_STRICT_PROTOTYPES = YES;
				CLANG_WARN_SUSPICIOUS_MOVE = YES;
				CLANG_WARN_UNGUARDED_AVAILABILITY = YES_AGGRESSIVE;
				CLANG_WARN_UNREACHABLE_CODE = YES;
				CLANG_WARN__DUPLICATE_METHOD_MATCH = YES;
				COPY_PHASE_STRIP = NO;
				DEBUG_INFORMATION_FORMAT = dwarf;
				ENABLE_STRICT_OBJC_MSGSEND = YES;
				ENABLE_TESTABILITY = YES;
				ENABLE_USER_SCRIPT_SANDBOXING = YES;
				GCC_C_LANGUAGE_STANDARD = gnu17;
				GCC_DYNAMIC_NO_PIC = NO;
				GCC_NO_COMMON_BLOCKS = YES;
				GCC_OPTIMIZATION_LEVEL = 0;
				GCC_PREPROCESSOR_DEFINITIONS = (
					"DEBUG=1",
					"$(inherited)",
				);
				GCC_WARN_64_TO_32_BIT_CONVERSION = YES;
				GCC_WARN_ABOUT_RETURN_TYPE = YES_ERROR;
				GCC_WARN_UNDECLARED_SELECTOR = YES;
				GCC_WARN_UNINITIALIZED_AUTOS = YES_AGGRESSIVE;
				GCC_WARN_UNUSED_FUNCTION = YES;
				GCC_WARN_UNUSED_VARIABLE = YES;
				IPHONEOS_DEPLOYMENT_TARGET = 17.5;
				LOCALIZATION_PREFERS_STRING_CATALOGS = YES;
				MTL_ENABLE_DEBUG_INFO = INCLUDE_SOURCE;
				MTL_FAST_MATH = YES;
				ONLY_ACTIVE_ARCH = YES;
				SDKROOT = iphoneos;
				SWIFT_ACTIVE_COMPILATION_CONDITIONS = "DEBUG $(inherited)";
				SWIFT_OPTIMIZATION_LEVEL = "-Onone";
			};
			name = Debug;
		};
		1F3C9F1E2C589DD400D6EAA7 /* Release */ = {
			isa = XCBuildConfiguration;
			buildSettings = {
				ALWAYS_SEARCH_USER_PATHS = NO;
				ASSETCATALOG_COMPILER_GENERATE_SWIFT_ASSET_SYMBOL_EXTENSIONS = YES;
				CLANG_ANALYZER_NONNULL = YES;
				CLANG_ANALYZER_NUMBER_OBJECT_CONVERSION = YES_AGGRESSIVE;
				CLANG_CXX_LANGUAGE_STANDARD = "gnu++20";
				CLANG_ENABLE_MODULES = YES;
				CLANG_ENABLE_OBJC_ARC = YES;
				CLANG_ENABLE_OBJC_WEAK = YES;
				CLANG_WARN_BLOCK_CAPTURE_AUTORELEASING = YES;
				CLANG_WARN_BOOL_CONVERSION = YES;
				CLANG_WARN_COMMA = YES;
				CLANG_WARN_CONSTANT_CONVERSION = YES;
				CLANG_WARN_DEPRECATED_OBJC_IMPLEMENTATIONS = YES;
				CLANG_WARN_DIRECT_OBJC_ISA_USAGE = YES_ERROR;
				CLANG_WARN_DOCUMENTATION_COMMENTS = YES;
				CLANG_WARN_EMPTY_BODY = YES;
				CLANG_WARN_ENUM_CONVERSION = YES;
				CLANG_WARN_INFINITE_RECURSION = YES;
				CLANG_WARN_INT_CONVERSION = YES;
				CLANG_WARN_NON_LITERAL_NULL_CONVERSION = YES;
				CLANG_WARN_OBJC_IMPLICIT_RETAIN_SELF = YES;
				CLANG_WARN_OBJC_LITERAL_CONVERSION = YES;
				CLANG_WARN_OBJC_ROOT_CLASS = YES_ERROR;
				CLANG_WARN_QUOTED_INCLUDE_IN_FRAMEWORK_HEADER = YES;
				CLANG_WARN_RANGE_LOOP_ANALYSIS = YES;
				CLANG_WARN_STRICT_PROTOTYPES = YES;
				CLANG_WARN_SUSPICIOUS_MOVE = YES;
				CLANG_WARN_UNGUARDED_AVAILABILITY = YES_AGGRESSIVE;
				CLANG_WARN_UNREACHABLE_CODE = YES;
				CLANG_WARN__DUPLICATE_METHOD_MATCH = YES;
				COPY_PHASE_STRIP = NO;
				DEBUG_INFORMATION_FORMAT = "dwarf-with-dsym";
				ENABLE_NS_ASSERTIONS = NO;
				ENABLE_STRICT_OBJC_MSGSEND = YES;
				ENABLE_USER_SCRIPT_SANDBOXING = YES;
				GCC_C_LANGUAGE_STANDARD = gnu17;
				GCC_NO_COMMON_BLOCKS = YES;
				GCC_WARN_64_TO_32_BIT_CONVERSION = YES;
				GCC_WARN_ABOUT_RETURN_TYPE = YES_ERROR;
				GCC_WARN_UNDECLARED_SELECTOR = YES;
				GCC_WARN_UNINITIALIZED_AUTOS = YES_AGGRESSIVE;
				GCC_WARN_UNUSED_FUNCTION = YES;
				GCC_WARN_UNUSED_VARIABLE = YES;
				IPHONEOS_DEPLOYMENT_TARGET = 17.5;
				LOCALIZATION_PREFERS_STRING_CATALOGS = YES;
				MTL_ENABLE_DEBUG_INFO = NO;
				MTL_FAST_MATH = YES;
				SDKROOT = iphoneos;
				SWIFT_COMPILATION_MODE = wholemodule;
				VALIDATE_PRODUCT = YES;
			};
			name = Release;
		};
		1F3C9F202C589DD400D6EAA7 /* Debug */ = {
			isa = XCBuildConfiguration;
			buildSettings = {
				ASSETCATALOG_COMPILER_APPICON_NAME = AppIcon;
				ASSETCATALOG_COMPILER_GLOBAL_ACCENT_COLOR_NAME = AccentColor;
				CODE_SIGN_STYLE = Automatic;
				CURRENT_PROJECT_VERSION = 1;
				DEVELOPMENT_ASSET_PATHS = "\"MusicApp/Preview Content\"";
				DEVELOPMENT_TEAM = BR347BL6JM;
				ENABLE_PREVIEWS = YES;
				GENERATE_INFOPLIST_FILE = YES;
				INFOPLIST_KEY_UIApplicationSceneManifest_Generation = YES;
				INFOPLIST_KEY_UIApplicationSupportsIndirectInputEvents = YES;
				INFOPLIST_KEY_UILaunchScreen_Generation = YES;
				INFOPLIST_KEY_UISupportedInterfaceOrientations_iPad = "UIInterfaceOrientationPortrait UIInterfaceOrientationPortraitUpsideDown UIInterfaceOrientationLandscapeLeft UIInterfaceOrientationLandscapeRight";
				INFOPLIST_KEY_UISupportedInterfaceOrientations_iPhone = "UIInterfaceOrientationPortrait UIInterfaceOrientationLandscapeLeft UIInterfaceOrientationLandscapeRight";
				IPHONEOS_DEPLOYMENT_TARGET = 15.0;
				LD_RUNPATH_SEARCH_PATHS = (
					"$(inherited)",
					"@executable_path/Frameworks",
				);
				MARKETING_VERSION = 1.0;
				PRODUCT_BUNDLE_IDENTIFIER = com.mossandoval.MusicApp;
				PRODUCT_NAME = "$(TARGET_NAME)";
				SUPPORTED_PLATFORMS = "iphoneos iphonesimulator";
				SUPPORTS_MACCATALYST = NO;
				SUPPORTS_MAC_DESIGNED_FOR_IPHONE_IPAD = NO;
				SUPPORTS_XR_DESIGNED_FOR_IPHONE_IPAD = NO;
				SWIFT_EMIT_LOC_STRINGS = YES;
				SWIFT_VERSION = 5.0;
				TARGETED_DEVICE_FAMILY = 1;
			};
			name = Debug;
		};
		1F3C9F212C589DD400D6EAA7 /* Release */ = {
			isa = XCBuildConfiguration;
			buildSettings = {
				ASSETCATALOG_COMPILER_APPICON_NAME = AppIcon;
				ASSETCATALOG_COMPILER_GLOBAL_ACCENT_COLOR_NAME = AccentColor;
				CODE_SIGN_STYLE = Automatic;
				CURRENT_PROJECT_VERSION = 1;
				DEVELOPMENT_ASSET_PATHS = "\"MusicApp/Preview Content\"";
				DEVELOPMENT_TEAM = BR347BL6JM;
				ENABLE_PREVIEWS = YES;
				GENERATE_INFOPLIST_FILE = YES;
				INFOPLIST_KEY_UIApplicationSceneManifest_Generation = YES;
				INFOPLIST_KEY_UIApplicationSupportsIndirectInputEvents = YES;
				INFOPLIST_KEY_UILaunchScreen_Generation = YES;
				INFOPLIST_KEY_UISupportedInterfaceOrientations_iPad = "UIInterfaceOrientationPortrait UIInterfaceOrientationPortraitUpsideDown UIInterfaceOrientationLandscapeLeft UIInterfaceOrientationLandscapeRight";
				INFOPLIST_KEY_UISupportedInterfaceOrientations_iPhone = "UIInterfaceOrientationPortrait UIInterfaceOrientationLandscapeLeft UIInterfaceOrientationLandscapeRight";
				IPHONEOS_DEPLOYMENT_TARGET = 15.0;
				LD_RUNPATH_SEARCH_PATHS = (
					"$(inherited)",
					"@executable_path/Frameworks",
				);
				MARKETING_VERSION = 1.0;
				PRODUCT_BUNDLE_IDENTIFIER = com.mossandoval.MusicApp;
				PRODUCT_NAME = "$(TARGET_NAME)";
				SUPPORTED_PLATFORMS = "iphoneos iphonesimulator";
				SUPPORTS_MACCATALYST = NO;
				SUPPORTS_MAC_DESIGNED_FOR_IPHONE_IPAD = NO;
				SUPPORTS_XR_DESIGNED_FOR_IPHONE_IPAD = NO;
				SWIFT_EMIT_LOC_STRINGS = YES;
				SWIFT_VERSION = 5.0;
				TARGETED_DEVICE_FAMILY = 1;
			};
			name = Release;
		};
		1F3C9F232C589DD400D6EAA7 /* Debug */ = {
			isa = XCBuildConfiguration;
			buildSettings = {
				ALWAYS_EMBED_SWIFT_STANDARD_LIBRARIES = YES;
				BUNDLE_LOADER = "$(TEST_HOST)";
				CODE_SIGN_STYLE = Automatic;
				CURRENT_PROJECT_VERSION = 1;
				DEVELOPMENT_TEAM = BR347BL6JM;
				GENERATE_INFOPLIST_FILE = YES;
				IPHONEOS_DEPLOYMENT_TARGET = 17.5;
				MARKETING_VERSION = 1.0;
				PRODUCT_BUNDLE_IDENTIFIER = com.mossandoval.MusicAppTests;
				PRODUCT_NAME = "$(TARGET_NAME)";
				SWIFT_EMIT_LOC_STRINGS = NO;
				SWIFT_VERSION = 5.0;
				TARGETED_DEVICE_FAMILY = "1,2";
				TEST_HOST = "$(BUILT_PRODUCTS_DIR)/MusicApp.app/$(BUNDLE_EXECUTABLE_FOLDER_PATH)/MusicApp";
			};
			name = Debug;
		};
		1F3C9F242C589DD400D6EAA7 /* Release */ = {
			isa = XCBuildConfiguration;
			buildSettings = {
				ALWAYS_EMBED_SWIFT_STANDARD_LIBRARIES = YES;
				BUNDLE_LOADER = "$(TEST_HOST)";
				CODE_SIGN_STYLE = Automatic;
				CURRENT_PROJECT_VERSION = 1;
				DEVELOPMENT_TEAM = BR347BL6JM;
				GENERATE_INFOPLIST_FILE = YES;
				IPHONEOS_DEPLOYMENT_TARGET = 17.5;
				MARKETING_VERSION = 1.0;
				PRODUCT_BUNDLE_IDENTIFIER = com.mossandoval.MusicAppTests;
				PRODUCT_NAME = "$(TARGET_NAME)";
				SWIFT_EMIT_LOC_STRINGS = NO;
				SWIFT_VERSION = 5.0;
				TARGETED_DEVICE_FAMILY = "1,2";
				TEST_HOST = "$(BUILT_PRODUCTS_DIR)/MusicApp.app/$(BUNDLE_EXECUTABLE_FOLDER_PATH)/MusicApp";
			};
			name = Release;
		};
		1F3C9F262C589DD400D6EAA7 /* Debug */ = {
			isa = XCBuildConfiguration;
			buildSettings = {
				ALWAYS_EMBED_SWIFT_STANDARD_LIBRARIES = YES;
				CODE_SIGN_STYLE = Automatic;
				CURRENT_PROJECT_VERSION = 1;
				DEVELOPMENT_TEAM = BR347BL6JM;
				GENERATE_INFOPLIST_FILE = YES;
				MARKETING_VERSION = 1.0;
				PRODUCT_BUNDLE_IDENTIFIER = com.mossandoval.MusicAppUITests;
				PRODUCT_NAME = "$(TARGET_NAME)";
				SWIFT_EMIT_LOC_STRINGS = NO;
				SWIFT_VERSION = 5.0;
				TARGETED_DEVICE_FAMILY = "1,2";
				TEST_TARGET_NAME = MusicApp;
			};
			name = Debug;
		};
		1F3C9F272C589DD400D6EAA7 /* Release */ = {
			isa = XCBuildConfiguration;
			buildSettings = {
				ALWAYS_EMBED_SWIFT_STANDARD_LIBRARIES = YES;
				CODE_SIGN_STYLE = Automatic;
				CURRENT_PROJECT_VERSION = 1;
				DEVELOPMENT_TEAM = BR347BL6JM;
				GENERATE_INFOPLIST_FILE = YES;
				MARKETING_VERSION = 1.0;
				PRODUCT_BUNDLE_IDENTIFIER = com.mossandoval.MusicAppUITests;
				PRODUCT_NAME = "$(TARGET_NAME)";
				SWIFT_EMIT_LOC_STRINGS = NO;
				SWIFT_VERSION = 5.0;
				TARGETED_DEVICE_FAMILY = "1,2";
				TEST_TARGET_NAME = MusicApp;
			};
			name = Release;
		};
/* End XCBuildConfiguration section */

/* Begin XCConfigurationList section */
		1F3C9EF62C589DD100D6EAA7 /* Build configuration list for PBXProject "MusicApp" */ = {
			isa = XCConfigurationList;
			buildConfigurations = (
				1F3C9F1D2C589DD400D6EAA7 /* Debug */,
				1F3C9F1E2C589DD400D6EAA7 /* Release */,
			);
			defaultConfigurationIsVisible = 0;
			defaultConfigurationName = Release;
		};
		1F3C9F1F2C589DD400D6EAA7 /* Build configuration list for PBXNativeTarget "MusicApp" */ = {
			isa = XCConfigurationList;
			buildConfigurations = (
				1F3C9F202C589DD400D6EAA7 /* Debug */,
				1F3C9F212C589DD400D6EAA7 /* Release */,
			);
			defaultConfigurationIsVisible = 0;
			defaultConfigurationName = Release;
		};
		1F3C9F222C589DD400D6EAA7 /* Build configuration list for PBXNativeTarget "MusicAppTests" */ = {
			isa = XCConfigurationList;
			buildConfigurations = (
				1F3C9F232C589DD400D6EAA7 /* Debug */,
				1F3C9F242C589DD400D6EAA7 /* Release */,
			);
			defaultConfigurationIsVisible = 0;
			defaultConfigurationName = Release;
		};
		1F3C9F252C589DD400D6EAA7 /* Build configuration list for PBXNativeTarget "MusicAppUITests" */ = {
			isa = XCConfigurationList;
			buildConfigurations = (
				1F3C9F262C589DD400D6EAA7 /* Debug */,
				1F3C9F272C589DD400D6EAA7 /* Release */,
			);
			defaultConfigurationIsVisible = 0;
			defaultConfigurationName = Release;
		};
/* End XCConfigurationList section */
	};
	rootObject = 1F3C9EF32C589DD100D6EAA7 /* Project object */;
}
